
Microsoft Visual Studio Solution File, Format Version 12.00
# Visual Studio Version 17
VisualStudioVersion = 17.1.32319.34
MinimumVisualStudioVersion = 10.0.40219.1
Project("{9A19103F-16F7-4668-BE54-9A1E7A4F7556}") = "Bank", "Bank\Bank.csproj", "{CD6FA5B6-E344-47AB-9DBC-8E2C8FBF6105}"
EndProject
Global
	GlobalSection(SolutionConfigurationPlatforms) = preSolution
		Debug|Any CPU = Debug|Any CPU
		Release|Any CPU = Release|Any CPU
	EndGlobalSection
	GlobalSection(ProjectConfigurationPlatforms) = postSolution
		{CD6FA5B6-E344-47AB-9DBC-8E2C8FBF6105}.Debug|Any CPU.ActiveCfg = Debug|Any CPU
		{CD6FA5B6-E344-47AB-9DBC-8E2C8FBF6105}.Debug|Any CPU.Build.0 = Debug|Any CPU
		{CD6FA5B6-E344-47AB-9DBC-8E2C8FBF6105}.Release|Any CPU.ActiveCfg = Release|Any CPU
		{CD6FA5B6-E344-47AB-9DBC-8E2C8FBF6105}.Release|Any CPU.Build.0 = Release|Any CPU
	EndGlobalSection
	GlobalSection(SolutionProperties) = preSolution
		HideSolutionNode = FALSE
	EndGlobalSection
	GlobalSection(ExtensibilityGlobals) = postSolution
		SolutionGuid = {E5501562-8A9E-492C-8A12-0C789FFC249C}
	EndGlobalSection
EndGlobal
